{
  "name": "zoom-reminder-termux",
  "version": "1.0.0",
  "lockfileVersion": 3,
  "requires": true,
  "packages": {
    "": {
      "name": "zoom-reminder-termux",
      "version": "1.0.0",
      "license": "ISC",
      "dependencies": {
        "@whiskeysockets/baileys": "^7.0.0-rc.6",
        "axios": "^1.7.7",
        "better-sqlite3": "^11.3.0",
        "dayjs": "^1.11.13",
        "dotenv": "^17.2.3",
        "express": "^5.2.1",
        "googleapis": "^121.0.0",
        "jimp": "^1.6.0",
        "knex": "^3.1.0",
        "link-preview-js": "^3.2.0",
        "openai": "^4.64.0",
        "qrcode": "^1.5.4",
        "qrcode-terminal": "^0.12.0",
        "request": "^2.88.2"
      }
    }
  }
}